
Microsoft Visual Studio Solution File, Format Version 12.00
# Visual Studio 15
VisualStudioVersion = 15.0.27703.2042
MinimumVisualStudioVersion = 10.0.40219.1
Project("{FAE04EC0-301F-11D3-BF4B-00C04F79EFBC}") = "Game.Core", "Types\Game.Core.csproj", "{ADEEB58E-974D-48BA-8268-55DF8183FCAB}"
EndProject
Project("{FAE04EC0-301F-11D3-BF4B-00C04F79EFBC}") = "Game.Music", "ClassLibrary1\Game.Music.csproj", "{1F5315B7-FFFD-4BF4-86A9-B917D79FCF41}"
EndProject
Project("{FAE04EC0-301F-11D3-BF4B-00C04F79EFBC}") = "Game.Classes", "Game.Classes\Game.Classes.csproj", "{FD206FDD-1049-4CAD-B9D2-E2FBA77424EE}"
EndProject
Global
	GlobalSection(SolutionConfigurationPlatforms) = preSolution
		Debug|Any CPU = Debug|Any CPU
		Release|Any CPU = Release|Any CPU
	EndGlobalSection
	GlobalSection(ProjectConfigurationPlatforms) = postSolution
		{ADEEB58E-974D-48BA-8268-55DF8183FCAB}.Debug|Any CPU.ActiveCfg = Debug|Any CPU
		{ADEEB58E-974D-48BA-8268-55DF8183FCAB}.Debug|Any CPU.Build.0 = Debug|Any CPU
		{ADEEB58E-974D-48BA-8268-55DF8183FCAB}.Release|Any CPU.ActiveCfg = Release|Any CPU
		{ADEEB58E-974D-48BA-8268-55DF8183FCAB}.Release|Any CPU.Build.0 = Release|Any CPU
		{1F5315B7-FFFD-4BF4-86A9-B917D79FCF41}.Debug|Any CPU.ActiveCfg = Debug|Any CPU
		{1F5315B7-FFFD-4BF4-86A9-B917D79FCF41}.Debug|Any CPU.Build.0 = Debug|Any CPU
		{1F5315B7-FFFD-4BF4-86A9-B917D79FCF41}.Release|Any CPU.ActiveCfg = Release|Any CPU
		{1F5315B7-FFFD-4BF4-86A9-B917D79FCF41}.Release|Any CPU.Build.0 = Release|Any CPU
		{FD206FDD-1049-4CAD-B9D2-E2FBA77424EE}.Debug|Any CPU.ActiveCfg = Debug|Any CPU
		{FD206FDD-1049-4CAD-B9D2-E2FBA77424EE}.Debug|Any CPU.Build.0 = Debug|Any CPU
		{FD206FDD-1049-4CAD-B9D2-E2FBA77424EE}.Release|Any CPU.ActiveCfg = Release|Any CPU
		{FD206FDD-1049-4CAD-B9D2-E2FBA77424EE}.Release|Any CPU.Build.0 = Release|Any CPU
	EndGlobalSection
	GlobalSection(SolutionProperties) = preSolution
		HideSolutionNode = FALSE
	EndGlobalSection
	GlobalSection(ExtensibilityGlobals) = postSolution
		SolutionGuid = {E6255A41-A544-45D0-87C3-ED8F2CC28C6D}
	EndGlobalSection
EndGlobal
